
Microsoft Visual Studio Solution File, Format Version 12.00
# Visual Studio Version 17
VisualStudioVersion = 17.11.35327.3
MinimumVisualStudioVersion = 10.0.40219.1
Project("{9A19103F-16F7-4668-BE54-9A1E7A4F7556}") = "Bus Sphere", "Bus Sphere.csproj", "{6CA451D4-4623-4134-ABD0-F7D4260F2BDC}"
EndProject
Project("{FAE04EC0-301F-11D3-BF4B-00C04F79EFBC}") = "EmailModel", "..\EmailModel\EmailModel.csproj", "{39BCAFD1-D366-4515-A95C-252E92E406F5}"
EndProject
Project("{FAE04EC0-301F-11D3-BF4B-00C04F79EFBC}") = "pdfGeneration", "..\pdfGeneration\pdfGeneration.csproj", "{9FAF2A02-3753-4D8E-ACF5-0E800DB02C62}"
EndProject
Global
	GlobalSection(SolutionConfigurationPlatforms) = preSolution
		Debug|Any CPU = Debug|Any CPU
		Release|Any CPU = Release|Any CPU
	EndGlobalSection
	GlobalSection(ProjectConfigurationPlatforms) = postSolution
		{6CA451D4-4623-4134-ABD0-F7D4260F2BDC}.Debug|Any CPU.ActiveCfg = Debug|Any CPU
		{6CA451D4-4623-4134-ABD0-F7D4260F2BDC}.Debug|Any CPU.Build.0 = Debug|Any CPU
		{6CA451D4-4623-4134-ABD0-F7D4260F2BDC}.Release|Any CPU.ActiveCfg = Release|Any CPU
		{6CA451D4-4623-4134-ABD0-F7D4260F2BDC}.Release|Any CPU.Build.0 = Release|Any CPU
		{39BCAFD1-D366-4515-A95C-252E92E406F5}.Debug|Any CPU.ActiveCfg = Debug|Any CPU
		{39BCAFD1-D366-4515-A95C-252E92E406F5}.Debug|Any CPU.Build.0 = Debug|Any CPU
		{39BCAFD1-D366-4515-A95C-252E92E406F5}.Release|Any CPU.ActiveCfg = Release|Any CPU
		{39BCAFD1-D366-4515-A95C-252E92E406F5}.Release|Any CPU.Build.0 = Release|Any CPU
		{9FAF2A02-3753-4D8E-ACF5-0E800DB02C62}.Debug|Any CPU.ActiveCfg = Debug|Any CPU
		{9FAF2A02-3753-4D8E-ACF5-0E800DB02C62}.Debug|Any CPU.Build.0 = Debug|Any CPU
		{9FAF2A02-3753-4D8E-ACF5-0E800DB02C62}.Release|Any CPU.ActiveCfg = Release|Any CPU
		{9FAF2A02-3753-4D8E-ACF5-0E800DB02C62}.Release|Any CPU.Build.0 = Release|Any CPU
	EndGlobalSection
	GlobalSection(SolutionProperties) = preSolution
		HideSolutionNode = FALSE
	EndGlobalSection
	GlobalSection(ExtensibilityGlobals) = postSolution
		SolutionGuid = {F606313A-0291-44B8-85D4-24367BD906BA}
	EndGlobalSection
EndGlobal
